
Microsoft Visual Studio Solution File, Format Version 12.00
# Visual Studio Version 16
VisualStudioVersion = 16.0.31702.278
MinimumVisualStudioVersion = 10.0.40219.1
Project("{FAE04EC0-301F-11D3-BF4B-00C04F79EFBC}") = "Models", "RSS-Läsare\Models.csproj", "{C354A536-41D5-4973-8C54-3E34B8FADED7}"
EndProject
Project("{FAE04EC0-301F-11D3-BF4B-00C04F79EFBC}") = "DataAccessLayer", "DataAccessLayer\DataAccessLayer.csproj", "{E10C6FBC-BB00-47C3-B444-71B104E670E1}"
EndProject
Project("{FAE04EC0-301F-11D3-BF4B-00C04F79EFBC}") = "BusinessLayer", "BusinessLayer\BusinessLayer.csproj", "{1A63A5C5-11F5-4ACA-9AC0-098ED87E874A}"
EndProject
Global
	GlobalSection(SolutionConfigurationPlatforms) = preSolution
		Debug|Any CPU = Debug|Any CPU
		Release|Any CPU = Release|Any CPU
	EndGlobalSection
	GlobalSection(ProjectConfigurationPlatforms) = postSolution
		{C354A536-41D5-4973-8C54-3E34B8FADED7}.Debug|Any CPU.ActiveCfg = Debug|Any CPU
		{C354A536-41D5-4973-8C54-3E34B8FADED7}.Debug|Any CPU.Build.0 = Debug|Any CPU
		{C354A536-41D5-4973-8C54-3E34B8FADED7}.Release|Any CPU.ActiveCfg = Release|Any CPU
		{C354A536-41D5-4973-8C54-3E34B8FADED7}.Release|Any CPU.Build.0 = Release|Any CPU
		{E10C6FBC-BB00-47C3-B444-71B104E670E1}.Debug|Any CPU.ActiveCfg = Debug|Any CPU
		{E10C6FBC-BB00-47C3-B444-71B104E670E1}.Debug|Any CPU.Build.0 = Debug|Any CPU
		{E10C6FBC-BB00-47C3-B444-71B104E670E1}.Release|Any CPU.ActiveCfg = Release|Any CPU
		{E10C6FBC-BB00-47C3-B444-71B104E670E1}.Release|Any CPU.Build.0 = Release|Any CPU
		{1A63A5C5-11F5-4ACA-9AC0-098ED87E874A}.Debug|Any CPU.ActiveCfg = Debug|Any CPU
		{1A63A5C5-11F5-4ACA-9AC0-098ED87E874A}.Debug|Any CPU.Build.0 = Debug|Any CPU
		{1A63A5C5-11F5-4ACA-9AC0-098ED87E874A}.Release|Any CPU.ActiveCfg = Release|Any CPU
		{1A63A5C5-11F5-4ACA-9AC0-098ED87E874A}.Release|Any CPU.Build.0 = Release|Any CPU
	EndGlobalSection
	GlobalSection(SolutionProperties) = preSolution
		HideSolutionNode = FALSE
	EndGlobalSection
	GlobalSection(ExtensibilityGlobals) = postSolution
		SolutionGuid = {4A6DA13B-CBDD-48ED-B2D4-4ADC7612D178}
	EndGlobalSection
EndGlobal
